// !$*UTF8*$!
{
	archiveVersion = 1;
	classes = {
	};
	objectVersion = 50;
	objects = {

/* Begin PBXBuildFile section */
		03AAF2964CEC82C726FB4D7F /* Pods_weatherTests.framework in Frameworks */ = {isa = PBXBuildFile; fileRef = C1A25EB047463E2D24F4CC97 /* Pods_weatherTests.framework */; };
		1D2263442102121E0072B571 /* AppDelegate.swift in Sources */ = {isa = PBXBuildFile; fileRef = 1D2263432102121E0072B571 /* AppDelegate.swift */; };
		1D2263462102121E0072B571 /* ViewController.swift in Sources */ = {isa = PBXBuildFile; fileRef = 1D2263452102121E0072B571 /* ViewController.swift */; };
		1D2263492102121E0072B571 /* Main.storyboard in Resources */ = {isa = PBXBuildFile; fileRef = 1D2263472102121E0072B571 /* Main.storyboard */; };
		1D22634B2102121F0072B571 /* Assets.xcassets in Resources */ = {isa = PBXBuildFile; fileRef = 1D22634A2102121F0072B571 /* Assets.xcassets */; };
		1D22634E2102121F0072B571 /* LaunchScreen.storyboard in Resources */ = {isa = PBXBuildFile; fileRef = 1D22634C2102121F0072B571 /* LaunchScreen.storyboard */; };
		1D2263592102121F0072B571 /* WeatherTests.swift in Sources */ = {isa = PBXBuildFile; fileRef = 1D2263582102121F0072B571 /* WeatherTests.swift */; };
		1D22637721021C930072B571 /* WeatherForecast.swift in Sources */ = {isa = PBXBuildFile; fileRef = 1D22637621021C930072B571 /* WeatherForecast.swift */; };
		1D2263912104B6970072B571 /* WeatherApi.swift in Sources */ = {isa = PBXBuildFile; fileRef = 1D2263902104B6970072B571 /* WeatherApi.swift */; };
		1DB84F2F210A33AA001BB80A /* CustomActivityIndicator.swift in Sources */ = {isa = PBXBuildFile; fileRef = 1DB84F2E210A33AA001BB80A /* CustomActivityIndicator.swift */; };
		B6C3B94E8EB5F8AAFACFDFD8 /* Pods_weather.framework in Frameworks */ = {isa = PBXBuildFile; fileRef = 0DE2EC9F90D3D4617CB4FE32 /* Pods_weather.framework */; };
/* End PBXBuildFile section */

/* Begin PBXContainerItemProxy section */
		1D2263552102121F0072B571 /* PBXContainerItemProxy */ = {
			isa = PBXContainerItemProxy;
			containerPortal = 1D2263382102121E0072B571 /* Project object */;
			proxyType = 1;
			remoteGlobalIDString = 1D22633F2102121E0072B571;
			remoteInfo = weather;
		};
/* End PBXContainerItemProxy section */

/* Begin PBXFileReference section */
		0DE2EC9F90D3D4617CB4FE32 /* Pods_weather.framework */ = {isa = PBXFileReference; explicitFileType = wrapper.framework; includeInIndex = 0; path = Pods_weather.framework; sourceTree = BUILT_PRODUCTS_DIR; };
		1458EEFBE37125E01903CA4E /* Pods-weather.release.xcconfig */ = {isa = PBXFileReference; includeInIndex = 1; lastKnownFileType = text.xcconfig; name = "Pods-weather.release.xcconfig"; path = "Pods/Target Support Files/Pods-weather/Pods-weather.release.xcconfig"; sourceTree = "<group>"; };
		1D2263402102121E0072B571 /* weather.app */ = {isa = PBXFileReference; explicitFileType = wrapper.application; includeInIndex = 0; path = weather.app; sourceTree = BUILT_PRODUCTS_DIR; };
		1D2263432102121E0072B571 /* AppDelegate.swift */ = {isa = PBXFileReference; lastKnownFileType = sourcecode.swift; path = AppDelegate.swift; sourceTree = "<group>"; };
		1D2263452102121E0072B571 /* ViewController.swift */ = {isa = PBXFileReference; lastKnownFileType = sourcecode.swift; path = ViewController.swift; sourceTree = "<group>"; };
		1D2263482102121E0072B571 /* Base */ = {isa = PBXFileReference; lastKnownFileType = file.storyboard; name = Base; path = Base.lproj/Main.storyboard; sourceTree = "<group>"; };
		1D22634A2102121F0072B571 /* Assets.xcassets */ = {isa = PBXFileReference; lastKnownFileType = folder.assetcatalog; path = Assets.xcassets; sourceTree = "<group>"; };
		1D22634D2102121F0072B571 /* Base */ = {isa = PBXFileReference; lastKnownFileType = file.storyboard; name = Base; path = Base.lproj/LaunchScreen.storyboard; sourceTree = "<group>"; };
		1D22634F2102121F0072B571 /* Info.plist */ = {isa = PBXFileReference; lastKnownFileType = text.plist.xml; path = Info.plist; sourceTree = "<group>"; };
		1D2263542102121F0072B571 /* weatherTests.xctest */ = {isa = PBXFileReference; explicitFileType = wrapper.cfbundle; includeInIndex = 0; path = weatherTests.xctest; sourceTree = BUILT_PRODUCTS_DIR; };
		1D2263582102121F0072B571 /* WeatherTests.swift */ = {isa = PBXFileReference; lastKnownFileType = sourcecode.swift; path = WeatherTests.swift; sourceTree = "<group>"; };
		1D22635A210212200072B571 /* Info.plist */ = {isa = PBXFileReference; lastKnownFileType = text.plist.xml; path = Info.plist; sourceTree = "<group>"; };
		1D22637621021C930072B571 /* WeatherForecast.swift */ = {isa = PBXFileReference; lastKnownFileType = sourcecode.swift; path = WeatherForecast.swift; sourceTree = "<group>"; };
		1D2263902104B6970072B571 /* WeatherApi.swift */ = {isa = PBXFileReference; lastKnownFileType = sourcecode.swift; path = WeatherApi.swift; sourceTree = "<group>"; };
		1DB84F2E210A33AA001BB80A /* CustomActivityIndicator.swift */ = {isa = PBXFileReference; lastKnownFileType = sourcecode.swift; path = CustomActivityIndicator.swift; sourceTree = "<group>"; };
		949241AB440169FDB49C6B74 /* Pods-weatherTests.debug.xcconfig */ = {isa = PBXFileReference; includeInIndex = 1; lastKnownFileType = text.xcconfig; name = "Pods-weatherTests.debug.xcconfig"; path = "Pods/Target Support Files/Pods-weatherTests/Pods-weatherTests.debug.xcconfig"; sourceTree = "<group>"; };
		BECF1DABA741B612D7960824 /* Pods-weatherTests.release.xcconfig */ = {isa = PBXFileReference; includeInIndex = 1; lastKnownFileType = text.xcconfig; name = "Pods-weatherTests.release.xcconfig"; path = "Pods/Target Support Files/Pods-weatherTests/Pods-weatherTests.release.xcconfig"; sourceTree = "<group>"; };
		C1A25EB047463E2D24F4CC97 /* Pods_weatherTests.framework */ = {isa = PBXFileReference; explicitFileType = wrapper.framework; includeInIndex = 0; path = Pods_weatherTests.framework; sourceTree = BUILT_PRODUCTS_DIR; };
		C881E3391813169409CE8C79 /* Pods-weather.debug.xcconfig */ = {isa = PBXFileReference; includeInIndex = 1; lastKnownFileType = text.xcconfig; name = "Pods-weather.debug.xcconfig"; path = "Pods/Target Support Files/Pods-weather/Pods-weather.debug.xcconfig"; sourceTree = "<group>"; };
/* End PBXFileReference section */

/* Begin PBXFrameworksBuildPhase section */
		1D22633D2102121E0072B571 /* Frameworks */ = {
			isa = PBXFrameworksBuildPhase;
			buildActionMask = 2147483647;
			files = (
				B6C3B94E8EB5F8AAFACFDFD8 /* Pods_weather.framework in Frameworks */,
			);
			runOnlyForDeploymentPostprocessing = 0;
		};
		1D2263512102121F0072B571 /* Frameworks */ = {
			isa = PBXFrameworksBuildPhase;
			buildActionMask = 2147483647;
			files = (
				03AAF2964CEC82C726FB4D7F /* Pods_weatherTests.framework in Frameworks */,
			);
			runOnlyForDeploymentPostprocessing = 0;
		};
/* End PBXFrameworksBuildPhase section */

/* Begin PBXGroup section */
		15E4B56888D30FE91B2271D7 /* Pods */ = {
			isa = PBXGroup;
			children = (
				C881E3391813169409CE8C79 /* Pods-weather.debug.xcconfig */,
				1458EEFBE37125E01903CA4E /* Pods-weather.release.xcconfig */,
				949241AB440169FDB49C6B74 /* Pods-weatherTests.debug.xcconfig */,
				BECF1DABA741B612D7960824 /* Pods-weatherTests.release.xcconfig */,
			);
			name = Pods;
			sourceTree = "<group>";
		};
		1D2263372102121E0072B571 = {
			isa = PBXGroup;
			children = (
				1D2263422102121E0072B571 /* weather */,
				1D2263572102121F0072B571 /* weatherTests */,
				1D2263412102121E0072B571 /* Products */,
				15E4B56888D30FE91B2271D7 /* Pods */,
				C531DF13CB9280AA47996029 /* Frameworks */,
			);
			sourceTree = "<group>";
		};
		1D2263412102121E0072B571 /* Products */ = {
			isa = PBXGroup;
			children = (
				1D2263402102121E0072B571 /* weather.app */,
				1D2263542102121F0072B571 /* weatherTests.xctest */,
			);
			name = Products;
			sourceTree = "<group>";
		};
		1D2263422102121E0072B571 /* weather */ = {
			isa = PBXGroup;
			children = (
				1D2263432102121E0072B571 /* AppDelegate.swift */,
				1D2263712102123D0072B571 /* Model */,
				1DB84F2E210A33AA001BB80A /* CustomActivityIndicator.swift */,
				1D2263902104B6970072B571 /* WeatherApi.swift */,
				1D2263452102121E0072B571 /* ViewController.swift */,
				1D2263472102121E0072B571 /* Main.storyboard */,
				1D22634A2102121F0072B571 /* Assets.xcassets */,
				1D22634C2102121F0072B571 /* LaunchScreen.storyboard */,
				1D22634F2102121F0072B571 /* Info.plist */,
			);
			path = weather;
			sourceTree = "<group>";
		};
		1D2263572102121F0072B571 /* weatherTests */ = {
			isa = PBXGroup;
			children = (
				1D2263582102121F0072B571 /* WeatherTests.swift */,
				1D22635A210212200072B571 /* Info.plist */,
			);
			path = weatherTests;
			sourceTree = "<group>";
		};
		1D2263712102123D0072B571 /* Model */ = {
			isa = PBXGroup;
			children = (
				1D22637621021C930072B571 /* WeatherForecast.swift */,
			);
			path = Model;
			sourceTree = "<group>";
		};
		C531DF13CB9280AA47996029 /* Frameworks */ = {
			isa = PBXGroup;
			children = (
				0DE2EC9F90D3D4617CB4FE32 /* Pods_weather.framework */,
				C1A25EB047463E2D24F4CC97 /* Pods_weatherTests.framework */,
			);
			name = Frameworks;
			sourceTree = "<group>";
		};
/* End PBXGroup section */

/* Begin PBXNativeTarget section */
		1D22633F2102121E0072B571 /* weather */ = {
			isa = PBXNativeTarget;
			buildConfigurationList = 1D226368210212200072B571 /* Build configuration list for PBXNativeTarget "weather" */;
			buildPhases = (
				6BD4FA57DDA7073725C96ED5 /* [CP] Check Pods Manifest.lock */,
				1D22633C2102121E0072B571 /* Sources */,
				1D22633D2102121E0072B571 /* Frameworks */,
				1D22633E2102121E0072B571 /* Resources */,
				3A65FE881FCD5E6E28CD21CD /* [CP] Embed Pods Frameworks */,
				1D4CCFE22107841800A4A176 /* Run SwiftLint */,
			);
			buildRules = (
			);
			dependencies = (
			);
			name = weather;
			productName = weather;
			productReference = 1D2263402102121E0072B571 /* weather.app */;
			productType = "com.apple.product-type.application";
		};
		1D2263532102121F0072B571 /* weatherTests */ = {
			isa = PBXNativeTarget;
			buildConfigurationList = 1D22636B210212200072B571 /* Build configuration list for PBXNativeTarget "weatherTests" */;
			buildPhases = (
				976D5B470E9AAA44776DD04B /* [CP] Check Pods Manifest.lock */,
				1D2263502102121F0072B571 /* Sources */,
				1D2263512102121F0072B571 /* Frameworks */,
				1D2263522102121F0072B571 /* Resources */,
			);
			buildRules = (
			);
			dependencies = (
				1D2263562102121F0072B571 /* PBXTargetDependency */,
			);
			name = weatherTests;
			productName = weatherTests;
			productReference = 1D2263542102121F0072B571 /* weatherTests.xctest */;
			productType = "com.apple.product-type.bundle.unit-test";
		};
/* End PBXNativeTarget section */

/* Begin PBXProject section */
		1D2263382102121E0072B571 /* Project object */ = {
			isa = PBXProject;
			attributes = {
				LastSwiftUpdateCheck = 0940;
				LastUpgradeCheck = 0940;
				ORGANIZATIONNAME = "Sellin Gauthier";
				TargetAttributes = {
					1D22633F2102121E0072B571 = {
						CreatedOnToolsVersion = 9.4.1;
						LastSwiftMigration = 1010;
					};
					1D2263532102121F0072B571 = {
						CreatedOnToolsVersion = 9.4.1;
						LastSwiftMigration = 1010;
						TestTargetID = 1D22633F2102121E0072B571;
					};
				};
			};
			buildConfigurationList = 1D22633B2102121E0072B571 /* Build configuration list for PBXProject "weather" */;
			compatibilityVersion = "Xcode 9.3";
			developmentRegion = en;
			hasScannedForEncodings = 0;
			knownRegions = (
				en,
				Base,
			);
			mainGroup = 1D2263372102121E0072B571;
			productRefGroup = 1D2263412102121E0072B571 /* Products */;
			projectDirPath = "";
			projectRoot = "";
			targets = (
				1D22633F2102121E0072B571 /* weather */,
				1D2263532102121F0072B571 /* weatherTests */,
			);
		};
/* End PBXProject section */

/* Begin PBXResourcesBuildPhase section */
		1D22633E2102121E0072B571 /* Resources */ = {
			isa = PBXResourcesBuildPhase;
			buildActionMask = 2147483647;
			files = (
				1D22634E2102121F0072B571 /* LaunchScreen.storyboard in Resources */,
				1D22634B2102121F0072B571 /* Assets.xcassets in Resources */,
				1D2263492102121E0072B571 /* Main.storyboard in Resources */,
			);
			runOnlyForDeploymentPostprocessing = 0;
		};
		1D2263522102121F0072B571 /* Resources */ = {
			isa = PBXResourcesBuildPhase;
			buildActionMask = 2147483647;
			files = (
			);
			runOnlyForDeploymentPostprocessing = 0;
		};
/* End PBXResourcesBuildPhase section */

/* Begin PBXShellScriptBuildPhase section */
		1D4CCFE22107841800A4A176 /* Run SwiftLint */ = {
			isa = PBXShellScriptBuildPhase;
			buildActionMask = 2147483647;
			files = (
			);
			inputPaths = (
			);
			name = "Run SwiftLint";
			outputPaths = (
			);
			runOnlyForDeploymentPostprocessing = 0;
			shellPath = /bin/sh;
			shellScript = "\"${PODS_ROOT}/SwiftLint/swiftlint\"\n";
		};
		3A65FE881FCD5E6E28CD21CD /* [CP] Embed Pods Frameworks */ = {
			isa = PBXShellScriptBuildPhase;
			buildActionMask = 2147483647;
			files = (
			);
			inputPaths = (
				"${SRCROOT}/Pods/Target Support Files/Pods-weather/Pods-weather-frameworks.sh",
				"${BUILT_PRODUCTS_DIR}/Alamofire/Alamofire.framework",
				"${BUILT_PRODUCTS_DIR}/AlamofireImage/AlamofireImage.framework",
				"${BUILT_PRODUCTS_DIR}/PromiseKit/PromiseKit.framework",
			);
			name = "[CP] Embed Pods Frameworks";
			outputPaths = (
				"${TARGET_BUILD_DIR}/${FRAMEWORKS_FOLDER_PATH}/Alamofire.framework",
				"${TARGET_BUILD_DIR}/${FRAMEWORKS_FOLDER_PATH}/AlamofireImage.framework",
				"${TARGET_BUILD_DIR}/${FRAMEWORKS_FOLDER_PATH}/PromiseKit.framework",
			);
			runOnlyForDeploymentPostprocessing = 0;
			shellPath = /bin/sh;
			shellScript = "\"${SRCROOT}/Pods/Target Support Files/Pods-weather/Pods-weather-frameworks.sh\"\n";
			showEnvVarsInLog = 0;
		};
		6BD4FA57DDA7073725C96ED5 /* [CP] Check Pods Manifest.lock */ = {
			isa = PBXShellScriptBuildPhase;
			buildActionMask = 2147483647;
			files = (
			);
			inputPaths = (
				"${PODS_PODFILE_DIR_PATH}/Podfile.lock",
				"${PODS_ROOT}/Manifest.lock",
			);
			name = "[CP] Check Pods Manifest.lock";
			outputPaths = (
				"$(DERIVED_FILE_DIR)/Pods-weather-checkManifestLockResult.txt",
			);
			runOnlyForDeploymentPostprocessing = 0;
			shellPath = /bin/sh;
			shellScript = "diff \"${PODS_PODFILE_DIR_PATH}/Podfile.lock\" \"${PODS_ROOT}/Manifest.lock\" > /dev/null\nif [ $? != 0 ] ; then\n    # print error to STDERR\n    echo \"error: The sandbox is not in sync with the Podfile.lock. Run 'pod install' or update your CocoaPods installation.\" >&2\n    exit 1\nfi\n# This output is used by Xcode 'outputs' to avoid re-running this script phase.\necho \"SUCCESS\" > \"${SCRIPT_OUTPUT_FILE_0}\"\n";
			showEnvVarsInLog = 0;
		};
		976D5B470E9AAA44776DD04B /* [CP] Check Pods Manifest.lock */ = {
			isa = PBXShellScriptBuildPhase;
			buildActionMask = 2147483647;
			files = (
			);
			inputPaths = (
				"${PODS_PODFILE_DIR_PATH}/Podfile.lock",
				"${PODS_ROOT}/Manifest.lock",
			);
			name = "[CP] Check Pods Manifest.lock";
			outputPaths = (
				"$(DERIVED_FILE_DIR)/Pods-weatherTests-checkManifestLockResult.txt",
			);
			runOnlyForDeploymentPostprocessing = 0;
			shellPath = /bin/sh;
			shellScript = "diff \"${PODS_PODFILE_DIR_PATH}/Podfile.lock\" \"${PODS_ROOT}/Manifest.lock\" > /dev/null\nif [ $? != 0 ] ; then\n    # print error to STDERR\n    echo \"error: The sandbox is not in sync with the Podfile.lock. Run 'pod install' or update your CocoaPods installation.\" >&2\n    exit 1\nfi\n# This output is used by Xcode 'outputs' to avoid re-running this script phase.\necho \"SUCCESS\" > \"${SCRIPT_OUTPUT_FILE_0}\"\n";
			showEnvVarsInLog = 0;
		};
/* End PBXShellScriptBuildPhase section */

/* Begin PBXSourcesBuildPhase section */
		1D22633C2102121E0072B571 /* Sources */ = {
			isa = PBXSourcesBuildPhase;
			buildActionMask = 2147483647;
			files = (
				1D22637721021C930072B571 /* WeatherForecast.swift in Sources */,
				1D2263462102121E0072B571 /* ViewController.swift in Sources */,
				1D2263442102121E0072B571 /* AppDelegate.swift in Sources */,
				1DB84F2F210A33AA001BB80A /* CustomActivityIndicator.swift in Sources */,
				1D2263912104B6970072B571 /* WeatherApi.swift in Sources */,
			);
			runOnlyForDeploymentPostprocessing = 0;
		};
		1D2263502102121F0072B571 /* Sources */ = {
			isa = PBXSourcesBuildPhase;
			buildActionMask = 2147483647;
			files = (
				1D2263592102121F0072B571 /* WeatherTests.swift in Sources */,
			);
			runOnlyForDeploymentPostprocessing = 0;
		};
/* End PBXSourcesBuildPhase section */

/* Begin PBXTargetDependency section */
		1D2263562102121F0072B571 /* PBXTargetDependency */ = {
			isa = PBXTargetDependency;
			target = 1D22633F2102121E0072B571 /* weather */;
			targetProxy = 1D2263552102121F0072B571 /* PBXContainerItemProxy */;
		};
/* End PBXTargetDependency section */

/* Begin PBXVariantGroup section */
		1D2263472102121E0072B571 /* Main.storyboard */ = {
			isa = PBXVariantGroup;
			children = (
				1D2263482102121E0072B571 /* Base */,
			);
			name = Main.storyboard;
			sourceTree = "<group>";
		};
		1D22634C2102121F0072B571 /* LaunchScreen.storyboard */ = {
			isa = PBXVariantGroup;
			children = (
				1D22634D2102121F0072B571 /* Base */,
			);
			name = LaunchScreen.storyboard;
			sourceTree = "<group>";
		};
/* End PBXVariantGroup section */

/* Begin XCBuildConfiguration section */
		1D226366210212200072B571 /* Debug */ = {
			isa = XCBuildConfiguration;
			buildSettings = {
				ALWAYS_SEARCH_USER_PATHS = NO;
				CLANG_ANALYZER_NONNULL = YES;
				CLANG_ANALYZER_NUMBER_OBJECT_CONVERSION = YES_AGGRESSIVE;
				CLANG_CXX_LANGUAGE_STANDARD = "gnu++14";
				CLANG_CXX_LIBRARY = "libc++";
				CLANG_ENABLE_MODULES = YES;
				CLANG_ENABLE_OBJC_ARC = YES;
				CLANG_ENABLE_OBJC_WEAK = YES;
				CLANG_WARN_BLOCK_CAPTURE_AUTORELEASING = YES;
				CLANG_WARN_BOOL_CONVERSION = YES;
				CLANG_WARN_COMMA = YES;
				CLANG_WARN_CONSTANT_CONVERSION = YES;
				CLANG_WARN_DEPRECATED_OBJC_IMPLEMENTATIONS = YES;
				CLANG_WARN_DIRECT_OBJC_ISA_USAGE = YES_ERROR;
				CLANG_WARN_DOCUMENTATION_COMMENTS = YES;
				CLANG_WARN_EMPTY_BODY = YES;
				CLANG_WARN_ENUM_CONVERSION = YES;
				CLANG_WARN_INFINITE_RECURSION = YES;
				CLANG_WARN_INT_CONVERSION = YES;
				CLANG_WARN_NON_LITERAL_NULL_CONVERSION = YES;
				CLANG_WARN_OBJC_IMPLICIT_RETAIN_SELF = YES;
				CLANG_WARN_OBJC_LITERAL_CONVERSION = YES;
				CLANG_WARN_OBJC_ROOT_CLASS = YES_ERROR;
				CLANG_WARN_RANGE_LOOP_ANALYSIS = YES;
				CLANG_WARN_STRICT_PROTOTYPES = YES;
				CLANG_WARN_SUSPICIOUS_MOVE = YES;
				CLANG_WARN_UNGUARDED_AVAILABILITY = YES_AGGRESSIVE;
				CLANG_WARN_UNREACHABLE_CODE = YES;
				CLANG_WARN__DUPLICATE_METHOD_MATCH = YES;
				CODE_SIGN_IDENTITY = "iPhone Developer";
				COPY_PHASE_STRIP = NO;
				DEBUG_INFORMATION_FORMAT = dwarf;
				ENABLE_STRICT_OBJC_MSGSEND = YES;
				ENABLE_TESTABILITY = YES;
				GCC_C_LANGUAGE_STANDARD = gnu11;
				GCC_DYNAMIC_NO_PIC = NO;
				GCC_NO_COMMON_BLOCKS = YES;
				GCC_OPTIMIZATION_LEVEL = 0;
				GCC_PREPROCESSOR_DEFINITIONS = (
					"DEBUG=1",
					"$(inherited)",
				);
				GCC_WARN_64_TO_32_BIT_CONVERSION = YES;
				GCC_WARN_ABOUT_RETURN_TYPE = YES_ERROR;
				GCC_WARN_UNDECLARED_SELECTOR = YES;
				GCC_WARN_UNINITIALIZED_AUTOS = YES_AGGRESSIVE;
				GCC_WARN_UNUSED_FUNCTION = YES;
				GCC_WARN_UNUSED_VARIABLE = YES;
				IPHONEOS_DEPLOYMENT_TARGET = 11.4;
				MTL_ENABLE_DEBUG_INFO = YES;
				ONLY_ACTIVE_ARCH = YES;
				SDKROOT = iphoneos;
				SWIFT_ACTIVE_COMPILATION_CONDITIONS = DEBUG;
				SWIFT_OPTIMIZATION_LEVEL = "-Onone";
			};
			name = Debug;
		};
		1D226367210212200072B571 /* Release */ = {
			isa = XCBuildConfiguration;
			buildSettings = {
				ALWAYS_SEARCH_USER_PATHS = NO;
				CLANG_ANALYZER_NONNULL = YES;
				CLANG_ANALYZER_NUMBER_OBJECT_CONVERSION = YES_AGGRESSIVE;
				CLANG_CXX_LANGUAGE_STANDARD = "gnu++14";
				CLANG_CXX_LIBRARY = "libc++";
				CLANG_ENABLE_MODULES = YES;
				CLANG_ENABLE_OBJC_ARC = YES;
				CLANG_ENABLE_OBJC_WEAK = YES;
				CLANG_WARN_BLOCK_CAPTURE_AUTORELEASING = YES;
				CLANG_WARN_BOOL_CONVERSION = YES;
				CLANG_WARN_COMMA = YES;
				CLANG_WARN_CONSTANT_CONVERSION = YES;
				CLANG_WARN_DEPRECATED_OBJC_IMPLEMENTATIONS = YES;
				CLANG_WARN_DIRECT_OBJC_ISA_USAGE = YES_ERROR;
				CLANG_WARN_DOCUMENTATION_COMMENTS = YES;
				CLANG_WARN_EMPTY_BODY = YES;
				CLANG_WARN_ENUM_CONVERSION = YES;
				CLANG_WARN_INFINITE_RECURSION = YES;
				CLANG_WARN_INT_CONVERSION = YES;
				CLANG_WARN_NON_LITERAL_NULL_CONVERSION = YES;
				CLANG_WARN_OBJC_IMPLICIT_RETAIN_SELF = YES;
				CLANG_WARN_OBJC_LITERAL_CONVERSION = YES;
				CLANG_WARN_OBJC_ROOT_CLASS = YES_ERROR;
				CLANG_WARN_RANGE_LOOP_ANALYSIS = YES;
				CLANG_WARN_STRICT_PROTOTYPES = YES;
				CLANG_WARN_SUSPICIOUS_MOVE = YES;
				CLANG_WARN_UNGUARDED_AVAILABILITY = YES_AGGRESSIVE;
				CLANG_WARN_UNREACHABLE_CODE = YES;
				CLANG_WARN__DUPLICATE_METHOD_MATCH = YES;
				CODE_SIGN_IDENTITY = "iPhone Developer";
				COPY_PHASE_STRIP = NO;
				DEBUG_INFORMATION_FORMAT = "dwarf-with-dsym";
				ENABLE_NS_ASSERTIONS = NO;
				ENABLE_STRICT_OBJC_MSGSEND = YES;
				GCC_C_LANGUAGE_STANDARD = gnu11;
				GCC_NO_COMMON_BLOCKS = YES;
				GCC_WARN_64_TO_32_BIT_CONVERSION = YES;
				GCC_WARN_ABOUT_RETURN_TYPE = YES_ERROR;
				GCC_WARN_UNDECLARED_SELECTOR = YES;
				GCC_WARN_UNINITIALIZED_AUTOS = YES_AGGRESSIVE;
				GCC_WARN_UNUSED_FUNCTION = YES;
				GCC_WARN_UNUSED_VARIABLE = YES;
				IPHONEOS_DEPLOYMENT_TARGET = 11.4;
				MTL_ENABLE_DEBUG_INFO = NO;
				SDKROOT = iphoneos;
				SWIFT_COMPILATION_MODE = wholemodule;
				SWIFT_OPTIMIZATION_LEVEL = "-O";
				VALIDATE_PRODUCT = YES;
			};
			name = Release;
		};
		1D226369210212200072B571 /* Debug */ = {
			isa = XCBuildConfiguration;
			baseConfigurationReference = C881E3391813169409CE8C79 /* Pods-weather.debug.xcconfig */;
			buildSettings = {
				ASSETCATALOG_COMPILER_APPICON_NAME = AppIcon;
				CODE_SIGN_STYLE = Automatic;
				DEVELOPMENT_TEAM = SVUXU5E53N;
				INFOPLIST_FILE = weather/Info.plist;
				LD_RUNPATH_SEARCH_PATHS = (
					"$(inherited)",
					"@executable_path/Frameworks",
				);
				PRODUCT_BUNDLE_IDENTIFIER = com.gs.weather;
				PRODUCT_NAME = "$(TARGET_NAME)";
				SWIFT_VERSION = 4.2;
				TARGETED_DEVICE_FAMILY = "1,2";
			};
			name = Debug;
		};
		1D22636A210212200072B571 /* Release */ = {
			isa = XCBuildConfiguration;
			baseConfigurationReference = 1458EEFBE37125E01903CA4E /* Pods-weather.release.xcconfig */;
			buildSettings = {
				ASSETCATALOG_COMPILER_APPICON_NAME = AppIcon;
				CODE_SIGN_STYLE = Automatic;
				DEVELOPMENT_TEAM = SVUXU5E53N;
				INFOPLIST_FILE = weather/Info.plist;
				LD_RUNPATH_SEARCH_PATHS = (
					"$(inherited)",
					"@executable_path/Frameworks",
				);
				PRODUCT_BUNDLE_IDENTIFIER = com.gs.weather;
				PRODUCT_NAME = "$(TARGET_NAME)";
				SWIFT_VERSION = 4.2;
				TARGETED_DEVICE_FAMILY = "1,2";
			};
			name = Release;
		};
		1D22636C210212200072B571 /* Debug */ = {
			isa = XCBuildConfiguration;
			baseConfigurationReference = 949241AB440169FDB49C6B74 /* Pods-weatherTests.debug.xcconfig */;
			buildSettings = {
				ALWAYS_EMBED_SWIFT_STANDARD_LIBRARIES = YES;
				BUNDLE_LOADER = "$(TEST_HOST)";
				CODE_SIGN_STYLE = Automatic;
				INFOPLIST_FILE = weatherTests/Info.plist;
				LD_RUNPATH_SEARCH_PATHS = (
					"$(inherited)",
					"@executable_path/Frameworks",
					"@loader_path/Frameworks",
				);
				PRODUCT_BUNDLE_IDENTIFIER = com.gs.weatherTests;
				PRODUCT_NAME = "$(TARGET_NAME)";
				SWIFT_VERSION = 4.2;
				TARGETED_DEVICE_FAMILY = "1,2";
				TEST_HOST = "$(BUILT_PRODUCTS_DIR)/weather.app/weather";
			};
			name = Debug;
		};
		1D22636D210212200072B571 /* Release */ = {
			isa = XCBuildConfiguration;
			baseConfigurationReference = BECF1DABA741B612D7960824 /* Pods-weatherTests.release.xcconfig */;
			buildSettings = {
				ALWAYS_EMBED_SWIFT_STANDARD_LIBRARIES = YES;
				BUNDLE_LOADER = "$(TEST_HOST)";
				CODE_SIGN_STYLE = Automatic;
				INFOPLIST_FILE = weatherTests/Info.plist;
				LD_RUNPATH_SEARCH_PATHS = (
					"$(inherited)",
					"@executable_path/Frameworks",
					"@loader_path/Frameworks",
				);
				PRODUCT_BUNDLE_IDENTIFIER = com.gs.weatherTests;
				PRODUCT_NAME = "$(TARGET_NAME)";
				SWIFT_VERSION = 4.2;
				TARGETED_DEVICE_FAMILY = "1,2";
				TEST_HOST = "$(BUILT_PRODUCTS_DIR)/weather.app/weather";
			};
			name = Release;
		};
/* End XCBuildConfiguration section */

/* Begin XCConfigurationList section */
		1D22633B2102121E0072B571 /* Build configuration list for PBXProject "weather" */ = {
			isa = XCConfigurationList;
			buildConfigurations = (
				1D226366210212200072B571 /* Debug */,
				1D226367210212200072B571 /* Release */,
			);
			defaultConfigurationIsVisible = 0;
			defaultConfigurationName = Release;
		};
		1D226368210212200072B571 /* Build configuration list for PBXNativeTarget "weather" */ = {
			isa = XCConfigurationList;
			buildConfigurations = (
				1D226369210212200072B571 /* Debug */,
				1D22636A210212200072B571 /* Release */,
			);
			defaultConfigurationIsVisible = 0;
			defaultConfigurationName = Release;
		};
		1D22636B210212200072B571 /* Build configuration list for PBXNativeTarget "weatherTests" */ = {
			isa = XCConfigurationList;
			buildConfigurations = (
				1D22636C210212200072B571 /* Debug */,
				1D22636D210212200072B571 /* Release */,
			);
			defaultConfigurationIsVisible = 0;
			defaultConfigurationName = Release;
		};
/* End XCConfigurationList section */
	};
	rootObject = 1D2263382102121E0072B571 /* Project object */;
}
